
Microsoft Visual Studio Solution File, Format Version 12.00
# Visual Studio Version 17
VisualStudioVersion = 17.11.35303.130
MinimumVisualStudioVersion = 10.0.40219.1
Project("{FAE04EC0-301F-11D3-BF4B-00C04F79EFBC}") = "EJERICIO 1 FOR", "EJERICIO 1 FOR.csproj", "{A700E200-CE31-425D-A2BB-D4071DE351D3}"
EndProject
Global
	GlobalSection(SolutionConfigurationPlatforms) = preSolution
		Debug|Any CPU = Debug|Any CPU
		Release|Any CPU = Release|Any CPU
	EndGlobalSection
	GlobalSection(ProjectConfigurationPlatforms) = postSolution
		{A700E200-CE31-425D-A2BB-D4071DE351D3}.Debug|Any CPU.ActiveCfg = Debug|Any CPU
		{A700E200-CE31-425D-A2BB-D4071DE351D3}.Debug|Any CPU.Build.0 = Debug|Any CPU
		{A700E200-CE31-425D-A2BB-D4071DE351D3}.Release|Any CPU.ActiveCfg = Release|Any CPU
		{A700E200-CE31-425D-A2BB-D4071DE351D3}.Release|Any CPU.Build.0 = Release|Any CPU
	EndGlobalSection
	GlobalSection(SolutionProperties) = preSolution
		HideSolutionNode = FALSE
	EndGlobalSection
	GlobalSection(ExtensibilityGlobals) = postSolution
		SolutionGuid = {2EB1C0AF-689F-41DD-B2C0-38B6C539AFBD}
	EndGlobalSection
EndGlobal
